
Microsoft Visual Studio Solution File, Format Version 12.00
# Visual Studio Version 17
VisualStudioVersion = 17.4.33103.184
MinimumVisualStudioVersion = 10.0.40219.1
Project("{8BC9CEB8-8B4A-11D0-8D11-00A0C91BC942}") = "WS_p1", "WS_p1.vcxproj", "{81A78DF8-9DDB-46C1-940A-81E2A7E34AAC}"
EndProject
Global
	GlobalSection(SolutionConfigurationPlatforms) = preSolution
		Debug|x64 = Debug|x64
		Debug|x86 = Debug|x86
		Release|x64 = Release|x64
		Release|x86 = Release|x86
	EndGlobalSection
	GlobalSection(ProjectConfigurationPlatforms) = postSolution
		{81A78DF8-9DDB-46C1-940A-81E2A7E34AAC}.Debug|x64.ActiveCfg = Debug|x64
		{81A78DF8-9DDB-46C1-940A-81E2A7E34AAC}.Debug|x64.Build.0 = Debug|x64
		{81A78DF8-9DDB-46C1-940A-81E2A7E34AAC}.Debug|x86.ActiveCfg = Debug|Win32
		{81A78DF8-9DDB-46C1-940A-81E2A7E34AAC}.Debug|x86.Build.0 = Debug|Win32
		{81A78DF8-9DDB-46C1-940A-81E2A7E34AAC}.Release|x64.ActiveCfg = Release|x64
		{81A78DF8-9DDB-46C1-940A-81E2A7E34AAC}.Release|x64.Build.0 = Release|x64
		{81A78DF8-9DDB-46C1-940A-81E2A7E34AAC}.Release|x86.ActiveCfg = Release|Win32
		{81A78DF8-9DDB-46C1-940A-81E2A7E34AAC}.Release|x86.Build.0 = Release|Win32
	EndGlobalSection
	GlobalSection(SolutionProperties) = preSolution
		HideSolutionNode = FALSE
	EndGlobalSection
	GlobalSection(ExtensibilityGlobals) = postSolution
		SolutionGuid = {BAB71862-6844-428A-BBAC-D691BC96A5E4}
	EndGlobalSection
EndGlobal
